// !$*UTF8*$!
{
	archiveVersion = 1;
	classes = {
	};
	objectVersion = 46;
	objects = {

/* Begin PBXBuildFile section */
		1A0881BC1BC61FE80071F557 /* main.m in Sources */ = {isa = PBXBuildFile; fileRef = 1A0881BB1BC61FE80071F557 /* main.m */; };
		1A0881BF1BC61FE80071F557 /* AppDelegate.m in Sources */ = {isa = PBXBuildFile; fileRef = 1A0881BE1BC61FE80071F557 /* AppDelegate.m */; };
		1A0881C21BC61FE80071F557 /* ViewController.m in Sources */ = {isa = PBXBuildFile; fileRef = 1A0881C11BC61FE80071F557 /* ViewController.m */; };
		1A0881C51BC61FE80071F557 /* Main.storyboard in Resources */ = {isa = PBXBuildFile; fileRef = 1A0881C31BC61FE80071F557 /* Main.storyboard */; };
		1A0881C71BC61FE80071F557 /* Images.xcassets in Resources */ = {isa = PBXBuildFile; fileRef = 1A0881C61BC61FE80071F557 /* Images.xcassets */; };
		1A0881CA1BC61FE80071F557 /* LaunchScreen.xib in Resources */ = {isa = PBXBuildFile; fileRef = 1A0881C81BC61FE80071F557 /* LaunchScreen.xib */; };
		1A0881D61BC61FE90071F557 /* GitServerTests.m in Sources */ = {isa = PBXBuildFile; fileRef = 1A0881D51BC61FE90071F557 /* GitServerTests.m */; };
/* End PBXBuildFile section */

/* Begin PBXContainerItemProxy section */
		1A0881D01BC61FE90071F557 /* PBXContainerItemProxy */ = {
			isa = PBXContainerItemProxy;
			containerPortal = 1A0881AE1BC61FE80071F557 /* Project object */;
			proxyType = 1;
			remoteGlobalIDString = 1A0881B51BC61FE80071F557;
			remoteInfo = GitServer;
		};
/* End PBXContainerItemProxy section */

/* Begin PBXFileReference section */
		1A0881B61BC61FE80071F557 /* GitServer.app */ = {isa = PBXFileReference; explicitFileType = wrapper.application; includeInIndex = 0; path = GitServer.app; sourceTree = BUILT_PRODUCTS_DIR; };
		1A0881BA1BC61FE80071F557 /* Info.plist */ = {isa = PBXFileReference; lastKnownFileType = text.plist.xml; path = Info.plist; sourceTree = "<group>"; };
		1A0881BB1BC61FE80071F557 /* main.m */ = {isa = PBXFileReference; lastKnownFileType = sourcecode.c.objc; path = main.m; sourceTree = "<group>"; };
		1A0881BD1BC61FE80071F557 /* AppDelegate.h */ = {isa = PBXFileReference; lastKnownFileType = sourcecode.c.h; path = AppDelegate.h; sourceTree = "<group>"; };
		1A0881BE1BC61FE80071F557 /* AppDelegate.m */ = {isa = PBXFileReference; lastKnownFileType = sourcecode.c.objc; path = AppDelegate.m; sourceTree = "<group>"; };
		1A0881C01BC61FE80071F557 /* ViewController.h */ = {isa = PBXFileReference; lastKnownFileType = sourcecode.c.h; path = ViewController.h; sourceTree = "<group>"; };
		1A0881C11BC61FE80071F557 /* ViewController.m */ = {isa = PBXFileReference; lastKnownFileType = sourcecode.c.objc; path = ViewController.m; sourceTree = "<group>"; };
		1A0881C41BC61FE80071F557 /* Base */ = {isa = PBXFileReference; lastKnownFileType = file.storyboard; name = Base; path = Base.lproj/Main.storyboard; sourceTree = "<group>"; };
		1A0881C61BC61FE80071F557 /* Images.xcassets */ = {isa = PBXFileReference; lastKnownFileType = folder.assetcatalog; path = Images.xcassets; sourceTree = "<group>"; };
		1A0881C91BC61FE80071F557 /* Base */ = {isa = PBXFileReference; lastKnownFileType = file.xib; name = Base; path = Base.lproj/LaunchScreen.xib; sourceTree = "<group>"; };
		1A0881CF1BC61FE90071F557 /* GitServerTests.xctest */ = {isa = PBXFileReference; explicitFileType = wrapper.cfbundle; includeInIndex = 0; path = GitServerTests.xctest; sourceTree = BUILT_PRODUCTS_DIR; };
		1A0881D41BC61FE90071F557 /* Info.plist */ = {isa = PBXFileReference; lastKnownFileType = text.plist.xml; path = Info.plist; sourceTree = "<group>"; };
		1A0881D51BC61FE90071F557 /* GitServerTests.m */ = {isa = PBXFileReference; lastKnownFileType = sourcecode.c.objc; path = GitServerTests.m; sourceTree = "<group>"; };
/* End PBXFileReference section */

/* Begin PBXFrameworksBuildPhase section */
		1A0881B31BC61FE80071F557 /* Frameworks */ = {
			isa = PBXFrameworksBuildPhase;
			buildActionMask = 2147483647;
			files = (
			);
			runOnlyForDeploymentPostprocessing = 0;
		};
		1A0881CC1BC61FE90071F557 /* Frameworks */ = {
			isa = PBXFrameworksBuildPhase;
			buildActionMask = 2147483647;
			files = (
			);
			runOnlyForDeploymentPostprocessing = 0;
		};
/* End PBXFrameworksBuildPhase section */

/* Begin PBXGroup section */
		1A0881AD1BC61FE80071F557 = {
			isa = PBXGroup;
			children = (
				1A0881B81BC61FE80071F557 /* GitServer */,
				1A0881D21BC61FE90071F557 /* GitServerTests */,
				1A0881B71BC61FE80071F557 /* Products */,
			);
			sourceTree = "<group>";
		};
		1A0881B71BC61FE80071F557 /* Products */ = {
			isa = PBXGroup;
			children = (
				1A0881B61BC61FE80071F557 /* GitServer.app */,
				1A0881CF1BC61FE90071F557 /* GitServerTests.xctest */,
			);
			name = Products;
			sourceTree = "<group>";
		};
		1A0881B81BC61FE80071F557 /* GitServer */ = {
			isa = PBXGroup;
			children = (
				1A0881BD1BC61FE80071F557 /* AppDelegate.h */,
				1A0881BE1BC61FE80071F557 /* AppDelegate.m */,
				1A0881C01BC61FE80071F557 /* ViewController.h */,
				1A0881C11BC61FE80071F557 /* ViewController.m */,
				1A0881C31BC61FE80071F557 /* Main.storyboard */,
				1A0881C61BC61FE80071F557 /* Images.xcassets */,
				1A0881C81BC61FE80071F557 /* LaunchScreen.xib */,
				1A0881B91BC61FE80071F557 /* Supporting Files */,
			);
			path = GitServer;
			sourceTree = "<group>";
		};
		1A0881B91BC61FE80071F557 /* Supporting Files */ = {
			isa = PBXGroup;
			children = (
				1A0881BA1BC61FE80071F557 /* Info.plist */,
				1A0881BB1BC61FE80071F557 /* main.m */,
			);
			name = "Supporting Files";
			sourceTree = "<group>";
		};
		1A0881D21BC61FE90071F557 /* GitServerTests */ = {
			isa = PBXGroup;
			children = (
				1A0881D51BC61FE90071F557 /* GitServerTests.m */,
				1A0881D31BC61FE90071F557 /* Supporting Files */,
			);
			path = GitServerTests;
			sourceTree = "<group>";
		};
		1A0881D31BC61FE90071F557 /* Supporting Files */ = {
			isa = PBXGroup;
			children = (
				1A0881D41BC61FE90071F557 /* Info.plist */,
			);
			name = "Supporting Files";
			sourceTree = "<group>";
		};
/* End PBXGroup section */

/* Begin PBXNativeTarget section */
		1A0881B51BC61FE80071F557 /* GitServer */ = {
			isa = PBXNativeTarget;
			buildConfigurationList = 1A0881D91BC61FE90071F557 /* Build configuration list for PBXNativeTarget "GitServer" */;
			buildPhases = (
				1A0881B21BC61FE80071F557 /* Sources */,
				1A0881B31BC61FE80071F557 /* Frameworks */,
				1A0881B41BC61FE80071F557 /* Resources */,
			);
			buildRules = (
			);
			dependencies = (
			);
			name = GitServer;
			productName = GitServer;
			productReference = 1A0881B61BC61FE80071F557 /* GitServer.app */;
			productType = "com.apple.product-type.application";
		};
		1A0881CE1BC61FE90071F557 /* GitServerTests */ = {
			isa = PBXNativeTarget;
			buildConfigurationList = 1A0881DC1BC61FE90071F557 /* Build configuration list for PBXNativeTarget "GitServerTests" */;
			buildPhases = (
				1A0881CB1BC61FE90071F557 /* Sources */,
				1A0881CC1BC61FE90071F557 /* Frameworks */,
				1A0881CD1BC61FE90071F557 /* Resources */,
			);
			buildRules = (
			);
			dependencies = (
				1A0881D11BC61FE90071F557 /* PBXTargetDependency */,
			);
			name = GitServerTests;
			productName = GitServerTests;
			productReference = 1A0881CF1BC61FE90071F557 /* GitServerTests.xctest */;
			productType = "com.apple.product-type.bundle.unit-test";
		};
/* End PBXNativeTarget section */

/* Begin PBXProject section */
		1A0881AE1BC61FE80071F557 /* Project object */ = {
			isa = PBXProject;
			attributes = {
				LastUpgradeCheck = 0630;
				ORGANIZATIONNAME = tarena36;
				TargetAttributes = {
					1A0881B51BC61FE80071F557 = {
						CreatedOnToolsVersion = 6.3.1;
					};
					1A0881CE1BC61FE90071F557 = {
						CreatedOnToolsVersion = 6.3.1;
						TestTargetID = 1A0881B51BC61FE80071F557;
					};
				};
			};
			buildConfigurationList = 1A0881B11BC61FE80071F557 /* Build configuration list for PBXProject "GitServer" */;
			compatibilityVersion = "Xcode 3.2";
			developmentRegion = English;
			hasScannedForEncodings = 0;
			knownRegions = (
				en,
				Base,
			);
			mainGroup = 1A0881AD1BC61FE80071F557;
			productRefGroup = 1A0881B71BC61FE80071F557 /* Products */;
			projectDirPath = "";
			projectRoot = "";
			targets = (
				1A0881B51BC61FE80071F557 /* GitServer */,
				1A0881CE1BC61FE90071F557 /* GitServerTests */,
			);
		};
/* End PBXProject section */

/* Begin PBXResourcesBuildPhase section */
		1A0881B41BC61FE80071F557 /* Resources */ = {
			isa = PBXResourcesBuildPhase;
			buildActionMask = 2147483647;
			files = (
				1A0881C51BC61FE80071F557 /* Main.storyboard in Resources */,
				1A0881CA1BC61FE80071F557 /* LaunchScreen.xib in Resources */,
				1A0881C71BC61FE80071F557 /* Images.xcassets in Resources */,
			);
			runOnlyForDeploymentPostprocessing = 0;
		};
		1A0881CD1BC61FE90071F557 /* Resources */ = {
			isa = PBXResourcesBuildPhase;
			buildActionMask = 2147483647;
			files = (
			);
			runOnlyForDeploymentPostprocessing = 0;
		};
/* End PBXResourcesBuildPhase section */

/* Begin PBXSourcesBuildPhase section */
		1A0881B21BC61FE80071F557 /* Sources */ = {
			isa = PBXSourcesBuildPhase;
			buildActionMask = 2147483647;
			files = (
				1A0881C21BC61FE80071F557 /* ViewController.m in Sources */,
				1A0881BF1BC61FE80071F557 /* AppDelegate.m in Sources */,
				1A0881BC1BC61FE80071F557 /* main.m in Sources */,
			);
			runOnlyForDeploymentPostprocessing = 0;
		};
		1A0881CB1BC61FE90071F557 /* Sources */ = {
			isa = PBXSourcesBuildPhase;
			buildActionMask = 2147483647;
			files = (
				1A0881D61BC61FE90071F557 /* GitServerTests.m in Sources */,
			);
			runOnlyForDeploymentPostprocessing = 0;
		};
/* End PBXSourcesBuildPhase section */

/* Begin PBXTargetDependency section */
		1A0881D11BC61FE90071F557 /* PBXTargetDependency */ = {
			isa = PBXTargetDependency;
			target = 1A0881B51BC61FE80071F557 /* GitServer */;
			targetProxy = 1A0881D01BC61FE90071F557 /* PBXContainerItemProxy */;
		};
/* End PBXTargetDependency section */

/* Begin PBXVariantGroup section */
		1A0881C31BC61FE80071F557 /* Main.storyboard */ = {
			isa = PBXVariantGroup;
			children = (
				1A0881C41BC61FE80071F557 /* Base */,
			);
			name = Main.storyboard;
			sourceTree = "<group>";
		};
		1A0881C81BC61FE80071F557 /* LaunchScreen.xib */ = {
			isa = PBXVariantGroup;
			children = (
				1A0881C91BC61FE80071F557 /* Base */,
			);
			name = LaunchScreen.xib;
			sourceTree = "<group>";
		};
/* End PBXVariantGroup section */

/* Begin XCBuildConfiguration section */
		1A0881D71BC61FE90071F557 /* Debug */ = {
			isa = XCBuildConfiguration;
			buildSettings = {
				ALWAYS_SEARCH_USER_PATHS = NO;
				CLANG_CXX_LANGUAGE_STANDARD = "gnu++0x";
				CLANG_CXX_LIBRARY = "libc++";
				CLANG_ENABLE_MODULES = YES;
				CLANG_ENABLE_OBJC_ARC = YES;
				CLANG_WARN_BOOL_CONVERSION = YES;
				CLANG_WARN_CONSTANT_CONVERSION = YES;
				CLANG_WARN_DIRECT_OBJC_ISA_USAGE = YES_ERROR;
				CLANG_WARN_EMPTY_BODY = YES;
				CLANG_WARN_ENUM_CONVERSION = YES;
				CLANG_WARN_INT_CONVERSION = YES;
				CLANG_WARN_OBJC_ROOT_CLASS = YES_ERROR;
				CLANG_WARN_UNREACHABLE_CODE = YES;
				CLANG_WARN__DUPLICATE_METHOD_MATCH = YES;
				"CODE_SIGN_IDENTITY[sdk=iphoneos*]" = "iPhone Developer";
				COPY_PHASE_STRIP = NO;
				DEBUG_INFORMATION_FORMAT = "dwarf-with-dsym";
				ENABLE_STRICT_OBJC_MSGSEND = YES;
				GCC_C_LANGUAGE_STANDARD = gnu99;
				GCC_DYNAMIC_NO_PIC = NO;
				GCC_NO_COMMON_BLOCKS = YES;
				GCC_OPTIMIZATION_LEVEL = 0;
				GCC_PREPROCESSOR_DEFINITIONS = (
					"DEBUG=1",
					"$(inherited)",
				);
				GCC_SYMBOLS_PRIVATE_EXTERN = NO;
				GCC_WARN_64_TO_32_BIT_CONVERSION = YES;
				GCC_WARN_ABOUT_RETURN_TYPE = YES_ERROR;
				GCC_WARN_UNDECLARED_SELECTOR = YES;
				GCC_WARN_UNINITIALIZED_AUTOS = YES_AGGRESSIVE;
				GCC_WARN_UNUSED_FUNCTION = YES;
				GCC_WARN_UNUSED_VARIABLE = YES;
				IPHONEOS_DEPLOYMENT_TARGET = 8.3;
				MTL_ENABLE_DEBUG_INFO = YES;
				ONLY_ACTIVE_ARCH = YES;
				SDKROOT = iphoneos;
			};
			name = Debug;
		};
		1A0881D81BC61FE90071F557 /* Release */ = {
			isa = XCBuildConfiguration;
			buildSettings = {
				ALWAYS_SEARCH_USER_PATHS = NO;
				CLANG_CXX_LANGUAGE_STANDARD = "gnu++0x";
				CLANG_CXX_LIBRARY = "libc++";
				CLANG_ENABLE_MODULES = YES;
				CLANG_ENABLE_OBJC_ARC = YES;
				CLANG_WARN_BOOL_CONVERSION = YES;
				CLANG_WARN_CONSTANT_CONVERSION = YES;
				CLANG_WARN_DIRECT_OBJC_ISA_USAGE = YES_ERROR;
				CLANG_WARN_EMPTY_BODY = YES;
				CLANG_WARN_ENUM_CONVERSION = YES;
				CLANG_WARN_INT_CONVERSION = YES;
				CLANG_WARN_OBJC_ROOT_CLASS = YES_ERROR;
				CLANG_WARN_UNREACHABLE_CODE = YES;
				CLANG_WARN__DUPLICATE_METHOD_MATCH = YES;
				"CODE_SIGN_IDENTITY[sdk=iphoneos*]" = "iPhone Developer";
				COPY_PHASE_STRIP = NO;
				DEBUG_INFORMATION_FORMAT = "dwarf-with-dsym";
				ENABLE_NS_ASSERTIONS = NO;
				ENABLE_STRICT_OBJC_MSGSEND = YES;
				GCC_C_LANGUAGE_STANDARD = gnu99;
				GCC_NO_COMMON_BLOCKS = YES;
				GCC_WARN_64_TO_32_BIT_CONVERSION = YES;
				GCC_WARN_ABOUT_RETURN_TYPE = YES_ERROR;
				GCC_WARN_UNDECLARED_SELECTOR = YES;
				GCC_WARN_UNINITIALIZED_AUTOS = YES_AGGRESSIVE;
				GCC_WARN_UNUSED_FUNCTION = YES;
				GCC_WARN_UNUSED_VARIABLE = YES;
				IPHONEOS_DEPLOYMENT_TARGET = 8.3;
				MTL_ENABLE_DEBUG_INFO = NO;
				SDKROOT = iphoneos;
				VALIDATE_PRODUCT = YES;
			};
			name = Release;
		};
		1A0881DA1BC61FE90071F557 /* Debug */ = {
			isa = XCBuildConfiguration;
			buildSettings = {
				ASSETCATALOG_COMPILER_APPICON_NAME = AppIcon;
				INFOPLIST_FILE = GitServer/Info.plist;
				LD_RUNPATH_SEARCH_PATHS = "$(inherited) @executable_path/Frameworks";
				PRODUCT_NAME = "$(TARGET_NAME)";
			};
			name = Debug;
		};
		1A0881DB1BC61FE90071F557 /* Release */ = {
			isa = XCBuildConfiguration;
			buildSettings = {
				ASSETCATALOG_COMPILER_APPICON_NAME = AppIcon;
				INFOPLIST_FILE = GitServer/Info.plist;
				LD_RUNPATH_SEARCH_PATHS = "$(inherited) @executable_path/Frameworks";
				PRODUCT_NAME = "$(TARGET_NAME)";
			};
			name = Release;
		};
		1A0881DD1BC61FE90071F557 /* Debug */ = {
			isa = XCBuildConfiguration;
			buildSettings = {
				BUNDLE_LOADER = "$(TEST_HOST)";
				FRAMEWORK_SEARCH_PATHS = (
					"$(SDKROOT)/Developer/Library/Frameworks",
					"$(inherited)",
				);
				GCC_PREPROCESSOR_DEFINITIONS = (
					"DEBUG=1",
					"$(inherited)",
				);
				INFOPLIST_FILE = GitServerTests/Info.plist;
				LD_RUNPATH_SEARCH_PATHS = "$(inherited) @executable_path/Frameworks @loader_path/Frameworks";
				PRODUCT_NAME = "$(TARGET_NAME)";
				TEST_HOST = "$(BUILT_PRODUCTS_DIR)/GitServer.app/GitServer";
			};
			name = Debug;
		};
		1A0881DE1BC61FE90071F557 /* Release */ = {
			isa = XCBuildConfiguration;
			buildSettings = {
				BUNDLE_LOADER = "$(TEST_HOST)";
				FRAMEWORK_SEARCH_PATHS = (
					"$(SDKROOT)/Developer/Library/Frameworks",
					"$(inherited)",
				);
				INFOPLIST_FILE = GitServerTests/Info.plist;
				LD_RUNPATH_SEARCH_PATHS = "$(inherited) @executable_path/Frameworks @loader_path/Frameworks";
				PRODUCT_NAME = "$(TARGET_NAME)";
				TEST_HOST = "$(BUILT_PRODUCTS_DIR)/GitServer.app/GitServer";
			};
			name = Release;
		};
/* End XCBuildConfiguration section */

/* Begin XCConfigurationList section */
		1A0881B11BC61FE80071F557 /* Build configuration list for PBXProject "GitServer" */ = {
			isa = XCConfigurationList;
			buildConfigurations = (
				1A0881D71BC61FE90071F557 /* Debug */,
				1A0881D81BC61FE90071F557 /* Release */,
			);
			defaultConfigurationIsVisible = 0;
			defaultConfigurationName = Release;
		};
		1A0881D91BC61FE90071F557 /* Build configuration list for PBXNativeTarget "GitServer" */ = {
			isa = XCConfigurationList;
			buildConfigurations = (
				1A0881DA1BC61FE90071F557 /* Debug */,
				1A0881DB1BC61FE90071F557 /* Release */,
			);
			defaultConfigurationIsVisible = 0;
		};
		1A0881DC1BC61FE90071F557 /* Build configuration list for PBXNativeTarget "GitServerTests" */ = {
			isa = XCConfigurationList;
			buildConfigurations = (
				1A0881DD1BC61FE90071F557 /* Debug */,
				1A0881DE1BC61FE90071F557 /* Release */,
			);
			defaultConfigurationIsVisible = 0;
		};
/* End XCConfigurationList section */
	};
	rootObject = 1A0881AE1BC61FE80071F557 /* Project object */;
}
